{
  "name": "puhelinluettelo",
  "lockfileVersion": 2,
  "requires": true,
  "packages": {
    "": {
      "dependencies": {
        "puhelinluettelobackend": "file:.."
      }
    },
    "..": {
      "version": "1.0.0",
      "license": "ISC",
      "dependencies": {
        "cors": "^2.8.5",
        "dotenv": "^16.0.3",
        "express": "^4.18.2",
        "mongoose": "^6.7.2",
        "morgan": "^1.10.0"
      },
      "devDependencies": {
        "@flydotio/dockerfile": "^0.2.15",
        "eslint": "^6.8.0",
        "eslint-plugin-react": "^7.32.2",
        "nodemon": "^2.0.20"
      }
    },
    "node_modules/puhelinluettelobackend": {
      "resolved": "..",
      "link": true
    }
  },
  "dependencies": {
    "puhelinluettelobackend": {
      "version": "file:..",
      "requires": {
        "@flydotio/dockerfile": "^0.2.15",
        "cors": "^2.8.5",
        "dotenv": "^16.0.3",
        "eslint": "^6.8.0",
        "eslint-plugin-react": "^7.32.2",
        "express": "^4.18.2",
        "mongoose": "^6.7.2",
        "morgan": "^1.10.0",
        "nodemon": "^2.0.20"
      }
    }
  }
}
